
Microsoft Visual Studio Solution File, Format Version 12.00
# Visual Studio Version 17
VisualStudioVersion = 17.7.34202.233
MinimumVisualStudioVersion = 10.0.40219.1
Project("{FAE04EC0-301F-11D3-BF4B-00C04F79EFBC}") = "ClassMetotDemo", "ClassMetotDemo\ClassMetotDemo.csproj", "{A473CCFF-E996-4D20-BC74-5BB42AE70C1C}"
EndProject
Global
	GlobalSection(SolutionConfigurationPlatforms) = preSolution
		Debug|Any CPU = Debug|Any CPU
		Release|Any CPU = Release|Any CPU
	EndGlobalSection
	GlobalSection(ProjectConfigurationPlatforms) = postSolution
		{A473CCFF-E996-4D20-BC74-5BB42AE70C1C}.Debug|Any CPU.ActiveCfg = Debug|Any CPU
		{A473CCFF-E996-4D20-BC74-5BB42AE70C1C}.Debug|Any CPU.Build.0 = Debug|Any CPU
		{A473CCFF-E996-4D20-BC74-5BB42AE70C1C}.Release|Any CPU.ActiveCfg = Release|Any CPU
		{A473CCFF-E996-4D20-BC74-5BB42AE70C1C}.Release|Any CPU.Build.0 = Release|Any CPU
	EndGlobalSection
	GlobalSection(SolutionProperties) = preSolution
		HideSolutionNode = FALSE
	EndGlobalSection
	GlobalSection(ExtensibilityGlobals) = postSolution
		SolutionGuid = {C7EDFEEF-F060-4C76-93D0-F627919940EE}
	EndGlobalSection
EndGlobal
